
Microsoft Visual Studio Solution File, Format Version 12.00
Project("{FAE04EC0-301F-11D3-BF4B-00C04F79EFBC}") = "TestGenerator", "TestGenerator\TestGenerator.csproj", "{3B158137-26FB-4668-B163-1E25E7144D1F}"
EndProject
Global
	GlobalSection(SolutionConfigurationPlatforms) = preSolution
		Debug|Any CPU = Debug|Any CPU
		Release|Any CPU = Release|Any CPU
	EndGlobalSection
	GlobalSection(ProjectConfigurationPlatforms) = postSolution
		{3B158137-26FB-4668-B163-1E25E7144D1F}.Debug|Any CPU.ActiveCfg = Debug|Any CPU
		{3B158137-26FB-4668-B163-1E25E7144D1F}.Debug|Any CPU.Build.0 = Debug|Any CPU
		{3B158137-26FB-4668-B163-1E25E7144D1F}.Release|Any CPU.ActiveCfg = Release|Any CPU
		{3B158137-26FB-4668-B163-1E25E7144D1F}.Release|Any CPU.Build.0 = Release|Any CPU
	EndGlobalSection
EndGlobal
